// !$*UTF8*$!
{
	archiveVersion = 1;
	classes = {
	};
	objectVersion = 51;
	objects = {

/* Begin PBXBuildFile section */
		3148D91725DEE9430008E715 /* Networking.swift in Sources */ = {isa = PBXBuildFile; fileRef = 3148D91625DEE9430008E715 /* Networking.swift */; };
		3148D91A25DEF8AF0008E715 /* SearchViewController.swift in Sources */ = {isa = PBXBuildFile; fileRef = 3148D91925DEF8AF0008E715 /* SearchViewController.swift */; };
		3169E4A525E5694D0070DD02 /* RepoTableViewController.swift in Sources */ = {isa = PBXBuildFile; fileRef = 3169E4A425E5694D0070DD02 /* RepoTableViewController.swift */; };
		3169E4A925E5754C0070DD02 /* RepoTableViewCell.swift in Sources */ = {isa = PBXBuildFile; fileRef = 3169E4A825E5754C0070DD02 /* RepoTableViewCell.swift */; };
		31B68C8A25E98AA100EFF48C /* Constants.swift in Sources */ = {isa = PBXBuildFile; fileRef = 31B68C8925E98AA100EFF48C /* Constants.swift */; };
		3C2E088F8882070D1F907749 /* Pods_Net01.framework in Frameworks */ = {isa = PBXBuildFile; fileRef = D024238A8298994364549831 /* Pods_Net01.framework */; };
		8F8962AE25E7F8910070942F /* Repos.swift in Sources */ = {isa = PBXBuildFile; fileRef = 8F8962AD25E7F8910070942F /* Repos.swift */; };
		8FBD023325E9543600F0DDE2 /* ViewExtension.swift in Sources */ = {isa = PBXBuildFile; fileRef = 8FBD023225E9543600F0DDE2 /* ViewExtension.swift */; };
		8FC5981E25DADBC70033AAF4 /* AppDelegate.swift in Sources */ = {isa = PBXBuildFile; fileRef = 8FC5981D25DADBC70033AAF4 /* AppDelegate.swift */; };
		8FC5982025DADBC70033AAF4 /* SceneDelegate.swift in Sources */ = {isa = PBXBuildFile; fileRef = 8FC5981F25DADBC70033AAF4 /* SceneDelegate.swift */; };
		8FC5982225DADBC70033AAF4 /* LoginViewController.swift in Sources */ = {isa = PBXBuildFile; fileRef = 8FC5982125DADBC70033AAF4 /* LoginViewController.swift */; };
		8FC5982725DADBCC0033AAF4 /* Assets.xcassets in Resources */ = {isa = PBXBuildFile; fileRef = 8FC5982625DADBCC0033AAF4 /* Assets.xcassets */; };
		8FC5982A25DADBCC0033AAF4 /* LaunchScreen.storyboard in Resources */ = {isa = PBXBuildFile; fileRef = 8FC5982825DADBCC0033AAF4 /* LaunchScreen.storyboard */; };
/* End PBXBuildFile section */

/* Begin PBXFileReference section */
		3148D91625DEE9430008E715 /* Networking.swift */ = {isa = PBXFileReference; lastKnownFileType = sourcecode.swift; path = Networking.swift; sourceTree = "<group>"; };
		3148D91925DEF8AF0008E715 /* SearchViewController.swift */ = {isa = PBXFileReference; lastKnownFileType = sourcecode.swift; path = SearchViewController.swift; sourceTree = "<group>"; };
		3169E4A425E5694D0070DD02 /* RepoTableViewController.swift */ = {isa = PBXFileReference; lastKnownFileType = sourcecode.swift; path = RepoTableViewController.swift; sourceTree = "<group>"; };
		3169E4A825E5754C0070DD02 /* RepoTableViewCell.swift */ = {isa = PBXFileReference; lastKnownFileType = sourcecode.swift; path = RepoTableViewCell.swift; sourceTree = "<group>"; };
		31B68C8925E98AA100EFF48C /* Constants.swift */ = {isa = PBXFileReference; lastKnownFileType = sourcecode.swift; path = Constants.swift; sourceTree = "<group>"; };
		5555415526755CA24866545D /* Pods-Net01.debug.xcconfig */ = {isa = PBXFileReference; includeInIndex = 1; lastKnownFileType = text.xcconfig; name = "Pods-Net01.debug.xcconfig"; path = "Target Support Files/Pods-Net01/Pods-Net01.debug.xcconfig"; sourceTree = "<group>"; };
		79A2D24B9049285E75056253 /* Pods-Net01.release.xcconfig */ = {isa = PBXFileReference; includeInIndex = 1; lastKnownFileType = text.xcconfig; name = "Pods-Net01.release.xcconfig"; path = "Target Support Files/Pods-Net01/Pods-Net01.release.xcconfig"; sourceTree = "<group>"; };
		8F8962AD25E7F8910070942F /* Repos.swift */ = {isa = PBXFileReference; lastKnownFileType = sourcecode.swift; path = Repos.swift; sourceTree = "<group>"; };
		8FBD023225E9543600F0DDE2 /* ViewExtension.swift */ = {isa = PBXFileReference; lastKnownFileType = sourcecode.swift; path = ViewExtension.swift; sourceTree = "<group>"; };
		8FC5981A25DADBC70033AAF4 /* Net01.app */ = {isa = PBXFileReference; explicitFileType = wrapper.application; includeInIndex = 0; path = Net01.app; sourceTree = BUILT_PRODUCTS_DIR; };
		8FC5981D25DADBC70033AAF4 /* AppDelegate.swift */ = {isa = PBXFileReference; lastKnownFileType = sourcecode.swift; path = AppDelegate.swift; sourceTree = "<group>"; };
		8FC5981F25DADBC70033AAF4 /* SceneDelegate.swift */ = {isa = PBXFileReference; lastKnownFileType = sourcecode.swift; path = SceneDelegate.swift; sourceTree = "<group>"; };
		8FC5982125DADBC70033AAF4 /* LoginViewController.swift */ = {isa = PBXFileReference; lastKnownFileType = sourcecode.swift; path = LoginViewController.swift; sourceTree = "<group>"; };
		8FC5982625DADBCC0033AAF4 /* Assets.xcassets */ = {isa = PBXFileReference; lastKnownFileType = folder.assetcatalog; path = Assets.xcassets; sourceTree = "<group>"; };
		8FC5982925DADBCC0033AAF4 /* Base */ = {isa = PBXFileReference; lastKnownFileType = file.storyboard; name = Base; path = Base.lproj/LaunchScreen.storyboard; sourceTree = "<group>"; };
		8FC5982B25DADBCC0033AAF4 /* Info.plist */ = {isa = PBXFileReference; lastKnownFileType = text.plist.xml; path = Info.plist; sourceTree = "<group>"; };
		D024238A8298994364549831 /* Pods_Net01.framework */ = {isa = PBXFileReference; explicitFileType = wrapper.framework; includeInIndex = 0; path = Pods_Net01.framework; sourceTree = BUILT_PRODUCTS_DIR; };
/* End PBXFileReference section */

/* Begin PBXFrameworksBuildPhase section */
		8FC5981725DADBC70033AAF4 /* Frameworks */ = {
			isa = PBXFrameworksBuildPhase;
			buildActionMask = 2147483647;
			files = (
				3C2E088F8882070D1F907749 /* Pods_Net01.framework in Frameworks */,
			);
			runOnlyForDeploymentPostprocessing = 0;
		};
/* End PBXFrameworksBuildPhase section */

/* Begin PBXGroup section */
		1545A673DFB718AA0D0D83D9 /* Pods */ = {
			isa = PBXGroup;
			children = (
				5555415526755CA24866545D /* Pods-Net01.debug.xcconfig */,
				79A2D24B9049285E75056253 /* Pods-Net01.release.xcconfig */,
			);
			path = Pods;
			sourceTree = "<group>";
		};
		319DA20D25E97421004129ED /* Model */ = {
			isa = PBXGroup;
			children = (
				8F8962AD25E7F8910070942F /* Repos.swift */,
			);
			path = Model;
			sourceTree = "<group>";
		};
		319DA20E25E97441004129ED /* Views */ = {
			isa = PBXGroup;
			children = (
				3169E4A825E5754C0070DD02 /* RepoTableViewCell.swift */,
				8FBD023225E9543600F0DDE2 /* ViewExtension.swift */,
			);
			path = Views;
			sourceTree = "<group>";
		};
		319DA21025E97478004129ED /* System */ = {
			isa = PBXGroup;
			children = (
				3148D91625DEE9430008E715 /* Networking.swift */,
				31B68C8925E98AA100EFF48C /* Constants.swift */,
			);
			path = System;
			sourceTree = "<group>";
		};
		31B68C8825E989ED00EFF48C /* ViewControllers */ = {
			isa = PBXGroup;
			children = (
				8FC5982125DADBC70033AAF4 /* LoginViewController.swift */,
				3148D91925DEF8AF0008E715 /* SearchViewController.swift */,
				3169E4A425E5694D0070DD02 /* RepoTableViewController.swift */,
			);
			path = ViewControllers;
			sourceTree = "<group>";
		};
		8FC5981125DADBC70033AAF4 = {
			isa = PBXGroup;
			children = (
				8FC5981C25DADBC70033AAF4 /* Net01 */,
				8FC5981B25DADBC70033AAF4 /* Products */,
				1545A673DFB718AA0D0D83D9 /* Pods */,
				EE91EB0C0C39A09868000850 /* Frameworks */,
			);
			sourceTree = "<group>";
		};
		8FC5981B25DADBC70033AAF4 /* Products */ = {
			isa = PBXGroup;
			children = (
				8FC5981A25DADBC70033AAF4 /* Net01.app */,
			);
			name = Products;
			sourceTree = "<group>";
		};
		8FC5981C25DADBC70033AAF4 /* Net01 */ = {
			isa = PBXGroup;
			children = (
				319DA20E25E97441004129ED /* Views */,
				31B68C8825E989ED00EFF48C /* ViewControllers */,
				319DA20D25E97421004129ED /* Model */,
				319DA21025E97478004129ED /* System */,
				8FC5981D25DADBC70033AAF4 /* AppDelegate.swift */,
				8FC5981F25DADBC70033AAF4 /* SceneDelegate.swift */,
				8FC5982625DADBCC0033AAF4 /* Assets.xcassets */,
				8FC5982825DADBCC0033AAF4 /* LaunchScreen.storyboard */,
				8FC5982B25DADBCC0033AAF4 /* Info.plist */,
			);
			path = Net01;
			sourceTree = "<group>";
		};
		EE91EB0C0C39A09868000850 /* Frameworks */ = {
			isa = PBXGroup;
			children = (
				D024238A8298994364549831 /* Pods_Net01.framework */,
			);
			name = Frameworks;
			sourceTree = "<group>";
		};
/* End PBXGroup section */

/* Begin PBXNativeTarget section */
		8FC5981925DADBC70033AAF4 /* Net01 */ = {
			isa = PBXNativeTarget;
			buildConfigurationList = 8FC5982E25DADBCC0033AAF4 /* Build configuration list for PBXNativeTarget "Net01" */;
			buildPhases = (
				10817E046041D1FEF28BFE7F /* [CP] Check Pods Manifest.lock */,
				8FC5981625DADBC70033AAF4 /* Sources */,
				8FC5981725DADBC70033AAF4 /* Frameworks */,
				8FC5981825DADBC70033AAF4 /* Resources */,
				605E7398E3690246C114F890 /* [CP] Embed Pods Frameworks */,
			);
			buildRules = (
			);
			dependencies = (
			);
			name = Net01;
			productName = Net01;
			productReference = 8FC5981A25DADBC70033AAF4 /* Net01.app */;
			productType = "com.apple.product-type.application";
		};
/* End PBXNativeTarget section */

/* Begin PBXProject section */
		8FC5981225DADBC70033AAF4 /* Project object */ = {
			isa = PBXProject;
			attributes = {
				LastSwiftUpdateCheck = 1240;
				LastUpgradeCheck = 1240;
				TargetAttributes = {
					8FC5981925DADBC70033AAF4 = {
						CreatedOnToolsVersion = 12.4;
					};
				};
			};
			buildConfigurationList = 8FC5981525DADBC70033AAF4 /* Build configuration list for PBXProject "Net01" */;
			compatibilityVersion = "Xcode 9.3";
			developmentRegion = en;
			hasScannedForEncodings = 0;
			knownRegions = (
				en,
				Base,
			);
			mainGroup = 8FC5981125DADBC70033AAF4;
			productRefGroup = 8FC5981B25DADBC70033AAF4 /* Products */;
			projectDirPath = "";
			projectRoot = "";
			targets = (
				8FC5981925DADBC70033AAF4 /* Net01 */,
			);
		};
/* End PBXProject section */

/* Begin PBXResourcesBuildPhase section */
		8FC5981825DADBC70033AAF4 /* Resources */ = {
			isa = PBXResourcesBuildPhase;
			buildActionMask = 2147483647;
			files = (
				8FC5982A25DADBCC0033AAF4 /* LaunchScreen.storyboard in Resources */,
				8FC5982725DADBCC0033AAF4 /* Assets.xcassets in Resources */,
			);
			runOnlyForDeploymentPostprocessing = 0;
		};
/* End PBXResourcesBuildPhase section */

/* Begin PBXShellScriptBuildPhase section */
		10817E046041D1FEF28BFE7F /* [CP] Check Pods Manifest.lock */ = {
			isa = PBXShellScriptBuildPhase;
			buildActionMask = 2147483647;
			files = (
			);
			inputFileListPaths = (
			);
			inputPaths = (
				"${PODS_PODFILE_DIR_PATH}/Podfile.lock",
				"${PODS_ROOT}/Manifest.lock",
			);
			name = "[CP] Check Pods Manifest.lock";
			outputFileListPaths = (
			);
			outputPaths = (
				"$(DERIVED_FILE_DIR)/Pods-Net01-checkManifestLockResult.txt",
			);
			runOnlyForDeploymentPostprocessing = 0;
			shellPath = /bin/sh;
			shellScript = "diff \"${PODS_PODFILE_DIR_PATH}/Podfile.lock\" \"${PODS_ROOT}/Manifest.lock\" > /dev/null\nif [ $? != 0 ] ; then\n    # print error to STDERR\n    echo \"error: The sandbox is not in sync with the Podfile.lock. Run 'pod install' or update your CocoaPods installation.\" >&2\n    exit 1\nfi\n# This output is used by Xcode 'outputs' to avoid re-running this script phase.\necho \"SUCCESS\" > \"${SCRIPT_OUTPUT_FILE_0}\"\n";
			showEnvVarsInLog = 0;
		};
		605E7398E3690246C114F890 /* [CP] Embed Pods Frameworks */ = {
			isa = PBXShellScriptBuildPhase;
			buildActionMask = 2147483647;
			files = (
			);
			inputFileListPaths = (
				"${PODS_ROOT}/Target Support Files/Pods-Net01/Pods-Net01-frameworks-${CONFIGURATION}-input-files.xcfilelist",
			);
			name = "[CP] Embed Pods Frameworks";
			outputFileListPaths = (
				"${PODS_ROOT}/Target Support Files/Pods-Net01/Pods-Net01-frameworks-${CONFIGURATION}-output-files.xcfilelist",
			);
			runOnlyForDeploymentPostprocessing = 0;
			shellPath = /bin/sh;
			shellScript = "\"${PODS_ROOT}/Target Support Files/Pods-Net01/Pods-Net01-frameworks.sh\"\n";
			showEnvVarsInLog = 0;
		};
/* End PBXShellScriptBuildPhase section */

/* Begin PBXSourcesBuildPhase section */
		8FC5981625DADBC70033AAF4 /* Sources */ = {
			isa = PBXSourcesBuildPhase;
			buildActionMask = 2147483647;
			files = (
				8F8962AE25E7F8910070942F /* Repos.swift in Sources */,
				3169E4A525E5694D0070DD02 /* RepoTableViewController.swift in Sources */,
				3148D91A25DEF8AF0008E715 /* SearchViewController.swift in Sources */,
				8FC5982225DADBC70033AAF4 /* LoginViewController.swift in Sources */,
				8FBD023325E9543600F0DDE2 /* ViewExtension.swift in Sources */,
				31B68C8A25E98AA100EFF48C /* Constants.swift in Sources */,
				3169E4A925E5754C0070DD02 /* RepoTableViewCell.swift in Sources */,
				3148D91725DEE9430008E715 /* Networking.swift in Sources */,
				8FC5981E25DADBC70033AAF4 /* AppDelegate.swift in Sources */,
				8FC5982025DADBC70033AAF4 /* SceneDelegate.swift in Sources */,
			);
			runOnlyForDeploymentPostprocessing = 0;
		};
/* End PBXSourcesBuildPhase section */

/* Begin PBXVariantGroup section */
		8FC5982825DADBCC0033AAF4 /* LaunchScreen.storyboard */ = {
			isa = PBXVariantGroup;
			children = (
				8FC5982925DADBCC0033AAF4 /* Base */,
			);
			name = LaunchScreen.storyboard;
			sourceTree = "<group>";
		};
/* End PBXVariantGroup section */

/* Begin XCBuildConfiguration section */
		8FC5982C25DADBCC0033AAF4 /* Debug */ = {
			isa = XCBuildConfiguration;
			buildSettings = {
				ALWAYS_SEARCH_USER_PATHS = NO;
				CLANG_ANALYZER_NONNULL = YES;
				CLANG_ANALYZER_NUMBER_OBJECT_CONVERSION = YES_AGGRESSIVE;
				CLANG_CXX_LANGUAGE_STANDARD = "gnu++14";
				CLANG_CXX_LIBRARY = "libc++";
				CLANG_ENABLE_MODULES = YES;
				CLANG_ENABLE_OBJC_ARC = YES;
				CLANG_ENABLE_OBJC_WEAK = YES;
				CLANG_WARN_BLOCK_CAPTURE_AUTORELEASING = YES;
				CLANG_WARN_BOOL_CONVERSION = YES;
				CLANG_WARN_COMMA = YES;
				CLANG_WARN_CONSTANT_CONVERSION = YES;
				CLANG_WARN_DEPRECATED_OBJC_IMPLEMENTATIONS = YES;
				CLANG_WARN_DIRECT_OBJC_ISA_USAGE = YES_ERROR;
				CLANG_WARN_DOCUMENTATION_COMMENTS = YES;
				CLANG_WARN_EMPTY_BODY = YES;
				CLANG_WARN_ENUM_CONVERSION = YES;
				CLANG_WARN_INFINITE_RECURSION = YES;
				CLANG_WARN_INT_CONVERSION = YES;
				CLANG_WARN_NON_LITERAL_NULL_CONVERSION = YES;
				CLANG_WARN_OBJC_IMPLICIT_RETAIN_SELF = YES;
				CLANG_WARN_OBJC_LITERAL_CONVERSION = YES;
				CLANG_WARN_OBJC_ROOT_CLASS = YES_ERROR;
				CLANG_WARN_QUOTED_INCLUDE_IN_FRAMEWORK_HEADER = YES;
				CLANG_WARN_RANGE_LOOP_ANALYSIS = YES;
				CLANG_WARN_STRICT_PROTOTYPES = YES;
				CLANG_WARN_SUSPICIOUS_MOVE = YES;
				CLANG_WARN_UNGUARDED_AVAILABILITY = YES_AGGRESSIVE;
				CLANG_WARN_UNREACHABLE_CODE = YES;
				CLANG_WARN__DUPLICATE_METHOD_MATCH = YES;
				COPY_PHASE_STRIP = NO;
				DEBUG_INFORMATION_FORMAT = dwarf;
				ENABLE_STRICT_OBJC_MSGSEND = YES;
				ENABLE_TESTABILITY = YES;
				GCC_C_LANGUAGE_STANDARD = gnu11;
				GCC_DYNAMIC_NO_PIC = NO;
				GCC_NO_COMMON_BLOCKS = YES;
				GCC_OPTIMIZATION_LEVEL = 0;
				GCC_PREPROCESSOR_DEFINITIONS = (
					"DEBUG=1",
					"$(inherited)",
				);
				GCC_WARN_64_TO_32_BIT_CONVERSION = YES;
				GCC_WARN_ABOUT_RETURN_TYPE = YES_ERROR;
				GCC_WARN_UNDECLARED_SELECTOR = YES;
				GCC_WARN_UNINITIALIZED_AUTOS = YES_AGGRESSIVE;
				GCC_WARN_UNUSED_FUNCTION = YES;
				GCC_WARN_UNUSED_VARIABLE = YES;
				IPHONEOS_DEPLOYMENT_TARGET = 14.4;
				MTL_ENABLE_DEBUG_INFO = INCLUDE_SOURCE;
				MTL_FAST_MATH = YES;
				ONLY_ACTIVE_ARCH = YES;
				SDKROOT = iphoneos;
				SWIFT_ACTIVE_COMPILATION_CONDITIONS = DEBUG;
				SWIFT_OPTIMIZATION_LEVEL = "-Onone";
			};
			name = Debug;
		};
		8FC5982D25DADBCC0033AAF4 /* Release */ = {
			isa = XCBuildConfiguration;
			buildSettings = {
				ALWAYS_SEARCH_USER_PATHS = NO;
				CLANG_ANALYZER_NONNULL = YES;
				CLANG_ANALYZER_NUMBER_OBJECT_CONVERSION = YES_AGGRESSIVE;
				CLANG_CXX_LANGUAGE_STANDARD = "gnu++14";
				CLANG_CXX_LIBRARY = "libc++";
				CLANG_ENABLE_MODULES = YES;
				CLANG_ENABLE_OBJC_ARC = YES;
				CLANG_ENABLE_OBJC_WEAK = YES;
				CLANG_WARN_BLOCK_CAPTURE_AUTORELEASING = YES;
				CLANG_WARN_BOOL_CONVERSION = YES;
				CLANG_WARN_COMMA = YES;
				CLANG_WARN_CONSTANT_CONVERSION = YES;
				CLANG_WARN_DEPRECATED_OBJC_IMPLEMENTATIONS = YES;
				CLANG_WARN_DIRECT_OBJC_ISA_USAGE = YES_ERROR;
				CLANG_WARN_DOCUMENTATION_COMMENTS = YES;
				CLANG_WARN_EMPTY_BODY = YES;
				CLANG_WARN_ENUM_CONVERSION = YES;
				CLANG_WARN_INFINITE_RECURSION = YES;
				CLANG_WARN_INT_CONVERSION = YES;
				CLANG_WARN_NON_LITERAL_NULL_CONVERSION = YES;
				CLANG_WARN_OBJC_IMPLICIT_RETAIN_SELF = YES;
				CLANG_WARN_OBJC_LITERAL_CONVERSION = YES;
				CLANG_WARN_OBJC_ROOT_CLASS = YES_ERROR;
				CLANG_WARN_QUOTED_INCLUDE_IN_FRAMEWORK_HEADER = YES;
				CLANG_WARN_RANGE_LOOP_ANALYSIS = YES;
				CLANG_WARN_STRICT_PROTOTYPES = YES;
				CLANG_WARN_SUSPICIOUS_MOVE = YES;
				CLANG_WARN_UNGUARDED_AVAILABILITY = YES_AGGRESSIVE;
				CLANG_WARN_UNREACHABLE_CODE = YES;
				CLANG_WARN__DUPLICATE_METHOD_MATCH = YES;
				COPY_PHASE_STRIP = NO;
				DEBUG_INFORMATION_FORMAT = "dwarf-with-dsym";
				ENABLE_NS_ASSERTIONS = NO;
				ENABLE_STRICT_OBJC_MSGSEND = YES;
				GCC_C_LANGUAGE_STANDARD = gnu11;
				GCC_NO_COMMON_BLOCKS = YES;
				GCC_WARN_64_TO_32_BIT_CONVERSION = YES;
				GCC_WARN_ABOUT_RETURN_TYPE = YES_ERROR;
				GCC_WARN_UNDECLARED_SELECTOR = YES;
				GCC_WARN_UNINITIALIZED_AUTOS = YES_AGGRESSIVE;
				GCC_WARN_UNUSED_FUNCTION = YES;
				GCC_WARN_UNUSED_VARIABLE = YES;
				IPHONEOS_DEPLOYMENT_TARGET = 14.4;
				MTL_ENABLE_DEBUG_INFO = NO;
				MTL_FAST_MATH = YES;
				SDKROOT = iphoneos;
				SWIFT_COMPILATION_MODE = wholemodule;
				SWIFT_OPTIMIZATION_LEVEL = "-O";
				VALIDATE_PRODUCT = YES;
			};
			name = Release;
		};
		8FC5982F25DADBCC0033AAF4 /* Debug */ = {
			isa = XCBuildConfiguration;
			baseConfigurationReference = 5555415526755CA24866545D /* Pods-Net01.debug.xcconfig */;
			buildSettings = {
				ASSETCATALOG_COMPILER_APPICON_NAME = AppIcon;
				ASSETCATALOG_COMPILER_GLOBAL_ACCENT_COLOR_NAME = AccentColor;
				CODE_SIGN_STYLE = Automatic;
				DEVELOPMENT_TEAM = LH4VV96A9U;
				INFOPLIST_FILE = Net01/Info.plist;
				LD_RUNPATH_SEARCH_PATHS = (
					"$(inherited)",
					"@executable_path/Frameworks",
				);
				PRODUCT_BUNDLE_IDENTIFIER = usonicchanrerelle.Net01;
				PRODUCT_NAME = "$(TARGET_NAME)";
				SWIFT_VERSION = 5.0;
				TARGETED_DEVICE_FAMILY = 1;
			};
			name = Debug;
		};
		8FC5983025DADBCC0033AAF4 /* Release */ = {
			isa = XCBuildConfiguration;
			baseConfigurationReference = 79A2D24B9049285E75056253 /* Pods-Net01.release.xcconfig */;
			buildSettings = {
				ASSETCATALOG_COMPILER_APPICON_NAME = AppIcon;
				ASSETCATALOG_COMPILER_GLOBAL_ACCENT_COLOR_NAME = AccentColor;
				CODE_SIGN_STYLE = Automatic;
				DEVELOPMENT_TEAM = LH4VV96A9U;
				INFOPLIST_FILE = Net01/Info.plist;
				LD_RUNPATH_SEARCH_PATHS = (
					"$(inherited)",
					"@executable_path/Frameworks",
				);
				PRODUCT_BUNDLE_IDENTIFIER = usonicchanrerelle.Net01;
				PRODUCT_NAME = "$(TARGET_NAME)";
				SWIFT_VERSION = 5.0;
				TARGETED_DEVICE_FAMILY = 1;
			};
			name = Release;
		};
/* End XCBuildConfiguration section */

/* Begin XCConfigurationList section */
		8FC5981525DADBC70033AAF4 /* Build configuration list for PBXProject "Net01" */ = {
			isa = XCConfigurationList;
			buildConfigurations = (
				8FC5982C25DADBCC0033AAF4 /* Debug */,
				8FC5982D25DADBCC0033AAF4 /* Release */,
			);
			defaultConfigurationIsVisible = 0;
			defaultConfigurationName = Release;
		};
		8FC5982E25DADBCC0033AAF4 /* Build configuration list for PBXNativeTarget "Net01" */ = {
			isa = XCConfigurationList;
			buildConfigurations = (
				8FC5982F25DADBCC0033AAF4 /* Debug */,
				8FC5983025DADBCC0033AAF4 /* Release */,
			);
			defaultConfigurationIsVisible = 0;
			defaultConfigurationName = Release;
		};
/* End XCConfigurationList section */
	};
	rootObject = 8FC5981225DADBC70033AAF4 /* Project object */;
}
